{
  "name": "prometheus-demo-app",
  "version": "1.0.0",
  "lockfileVersion": 1,
  "requires": true,
  "dependencies": {
    "bintrees": {
      "version": "1.0.1",
      "resolved": "https://registry.npmjs.org/bintrees/-/bintrees-1.0.1.tgz",
      "integrity": "sha1-DmVcm5wkNeqraL9AJyJtK1WjRSQ="
    },
    "prom-client": {
      "version": "10.2.2",
      "resolved": "https://registry.npmjs.org/prom-client/-/prom-client-10.2.2.tgz",
      "integrity": "sha512-d3qCBK41qZx00/WVzWOX4tau9FinCztqaECZiGuMI5vGYD//5VSdKMOZPRQKjVh5RkI4Ex98DI0YPsoFnEo1QQ==",
      "requires": {
        "tdigest": "0.1.1"
      }
    },
    "tdigest": {
      "version": "0.1.1",
      "resolved": "https://registry.npmjs.org/tdigest/-/tdigest-0.1.1.tgz",
      "integrity": "sha1-Ljyyw56kSeVdHmzZEReszKRYgCE=",
      "requires": {
        "bintrees": "1.0.1"
      }
    }
  }
}
